
Microsoft Visual Studio Solution File, Format Version 12.00
# Visual Studio Version 16
VisualStudioVersion = 16.0.34031.81
MinimumVisualStudioVersion = 10.0.40219.1
Project("{FAE04EC0-301F-11D3-BF4B-00C04F79EFBC}") = "InspectorLib", "InspectorLib\InspectorLib.csproj", "{D3D819B8-0964-42E2-B90A-A7AE80E8A7A7}"
EndProject
Global
	GlobalSection(SolutionConfigurationPlatforms) = preSolution
		Debug|Any CPU = Debug|Any CPU
		Release|Any CPU = Release|Any CPU
	EndGlobalSection
	GlobalSection(ProjectConfigurationPlatforms) = postSolution
		{D3D819B8-0964-42E2-B90A-A7AE80E8A7A7}.Debug|Any CPU.ActiveCfg = Debug|Any CPU
		{D3D819B8-0964-42E2-B90A-A7AE80E8A7A7}.Debug|Any CPU.Build.0 = Debug|Any CPU
		{D3D819B8-0964-42E2-B90A-A7AE80E8A7A7}.Release|Any CPU.ActiveCfg = Release|Any CPU
		{D3D819B8-0964-42E2-B90A-A7AE80E8A7A7}.Release|Any CPU.Build.0 = Release|Any CPU
	EndGlobalSection
	GlobalSection(SolutionProperties) = preSolution
		HideSolutionNode = FALSE
	EndGlobalSection
	GlobalSection(ExtensibilityGlobals) = postSolution
		SolutionGuid = {023B34E7-82A9-4A5B-BDA3-185CE5CC7A93}
	EndGlobalSection
EndGlobal
